
Microsoft Visual Studio Solution File, Format Version 12.00
# Visual Studio Version 17
VisualStudioVersion = 17.5.002.0
MinimumVisualStudioVersion = 10.0.40219.1
Project("{9A19103F-16F7-4668-BE54-9A1E7A4F7556}") = "Exo.WebApi", "Exo.WebApi.csproj", "{DB416331-A12C-4DC0-A952-22AF0EC4711E}"
EndProject
Global
	GlobalSection(SolutionConfigurationPlatforms) = preSolution
		Debug|Any CPU = Debug|Any CPU
		Release|Any CPU = Release|Any CPU
	EndGlobalSection
	GlobalSection(ProjectConfigurationPlatforms) = postSolution
		{DB416331-A12C-4DC0-A952-22AF0EC4711E}.Debug|Any CPU.ActiveCfg = Debug|Any CPU
		{DB416331-A12C-4DC0-A952-22AF0EC4711E}.Debug|Any CPU.Build.0 = Debug|Any CPU
		{DB416331-A12C-4DC0-A952-22AF0EC4711E}.Release|Any CPU.ActiveCfg = Release|Any CPU
		{DB416331-A12C-4DC0-A952-22AF0EC4711E}.Release|Any CPU.Build.0 = Release|Any CPU
	EndGlobalSection
	GlobalSection(SolutionProperties) = preSolution
		HideSolutionNode = FALSE
	EndGlobalSection
	GlobalSection(ExtensibilityGlobals) = postSolution
		SolutionGuid = {87171DE3-6700-401F-B98B-2FE25E0E7AD9}
	EndGlobalSection
EndGlobal
